
Microsoft Visual Studio Solution File, Format Version 11.00
# Visual Studio 2010
Project("{8BC9CEB8-8B4A-11D0-8D11-00A0C91BC942}") = "echo_server", "echo\echo_server.vcxproj", "{BA5758C8-9924-438B-83AE-8E16B792D0D1}"
EndProject
Project("{8BC9CEB8-8B4A-11D0-8D11-00A0C91BC942}") = "echo_client", "echo\echo_client.vcxproj", "{23979495-BFA6-45B6-9BA9-A460E56236C8}"
EndProject
Project("{8BC9CEB8-8B4A-11D0-8D11-00A0C91BC942}") = "sync_client", "echo\sync_client.vcxproj", "{302481BE-795D-4508-AE97-2FD906EE5701}"
EndProject
Project("{8BC9CEB8-8B4A-11D0-8D11-00A0C91BC942}") = "http_server", "http\http_server.vcxproj", "{A46436D7-E579-4AAB-85E5-59E485438668}"
EndProject
Project("{8BC9CEB8-8B4A-11D0-8D11-00A0C91BC942}") = "proxy_server", "proxy\proxy_server.vcxproj", "{BAEFC6F5-29F7-4589-BECC-53C9F1E02A1B}"
EndProject
Project("{8BC9CEB8-8B4A-11D0-8D11-00A0C91BC942}") = "ssl_server", "ssl\ssl_server.vcxproj", "{A7AF1920-2A3B-4BE7-9A02-916F7A5CC766}"
EndProject
Project("{8BC9CEB8-8B4A-11D0-8D11-00A0C91BC942}") = "ssl_client", "ssl\ssl_client.vcxproj", "{3E72E3DC-D5AD-4973-930A-D26BD05F4FCD}"
EndProject
Global
	GlobalSection(SolutionConfigurationPlatforms) = preSolution
		Debug|Win32 = Debug|Win32
		Release|Win32 = Release|Win32
	EndGlobalSection
	GlobalSection(ProjectConfigurationPlatforms) = postSolution
		{BA5758C8-9924-438B-83AE-8E16B792D0D1}.Debug|Win32.ActiveCfg = Debug|Win32
		{BA5758C8-9924-438B-83AE-8E16B792D0D1}.Debug|Win32.Build.0 = Debug|Win32
		{BA5758C8-9924-438B-83AE-8E16B792D0D1}.Release|Win32.ActiveCfg = Release|Win32
		{BA5758C8-9924-438B-83AE-8E16B792D0D1}.Release|Win32.Build.0 = Release|Win32
		{23979495-BFA6-45B6-9BA9-A460E56236C8}.Debug|Win32.ActiveCfg = Debug|Win32
		{23979495-BFA6-45B6-9BA9-A460E56236C8}.Debug|Win32.Build.0 = Debug|Win32
		{23979495-BFA6-45B6-9BA9-A460E56236C8}.Release|Win32.ActiveCfg = Release|Win32
		{23979495-BFA6-45B6-9BA9-A460E56236C8}.Release|Win32.Build.0 = Release|Win32
		{A46436D7-E579-4AAB-85E5-59E485438668}.Debug|Win32.ActiveCfg = Debug|Win32
		{A46436D7-E579-4AAB-85E5-59E485438668}.Debug|Win32.Build.0 = Debug|Win32
		{A46436D7-E579-4AAB-85E5-59E485438668}.Release|Win32.ActiveCfg = Release|Win32
		{A46436D7-E579-4AAB-85E5-59E485438668}.Release|Win32.Build.0 = Release|Win32
		{BAEFC6F5-29F7-4589-BECC-53C9F1E02A1B}.Debug|Win32.ActiveCfg = Debug|Win32
		{BAEFC6F5-29F7-4589-BECC-53C9F1E02A1B}.Debug|Win32.Build.0 = Debug|Win32
		{BAEFC6F5-29F7-4589-BECC-53C9F1E02A1B}.Release|Win32.ActiveCfg = Release|Win32
		{BAEFC6F5-29F7-4589-BECC-53C9F1E02A1B}.Release|Win32.Build.0 = Release|Win32
		{A7AF1920-2A3B-4BE7-9A02-916F7A5CC766}.Debug|Win32.ActiveCfg = Debug|Win32
		{A7AF1920-2A3B-4BE7-9A02-916F7A5CC766}.Debug|Win32.Build.0 = Debug|Win32
		{A7AF1920-2A3B-4BE7-9A02-916F7A5CC766}.Release|Win32.ActiveCfg = Release|Win32
		{A7AF1920-2A3B-4BE7-9A02-916F7A5CC766}.Release|Win32.Build.0 = Release|Win32
		{3E72E3DC-D5AD-4973-930A-D26BD05F4FCD}.Debug|Win32.ActiveCfg = Debug|Win32
		{3E72E3DC-D5AD-4973-930A-D26BD05F4FCD}.Debug|Win32.Build.0 = Debug|Win32
		{3E72E3DC-D5AD-4973-930A-D26BD05F4FCD}.Release|Win32.ActiveCfg = Release|Win32
		{3E72E3DC-D5AD-4973-930A-D26BD05F4FCD}.Release|Win32.Build.0 = Release|Win32
		{40980730-680D-47DE-B468-71845070A65E}.Debug|Win32.ActiveCfg = Debug|Win32
		{40980730-680D-47DE-B468-71845070A65E}.Debug|Win32.Build.0 = Debug|Win32
		{40980730-680D-47DE-B468-71845070A65E}.Release|Win32.ActiveCfg = Release|Win32
		{40980730-680D-47DE-B468-71845070A65E}.Release|Win32.Build.0 = Release|Win32
		{D672FD52-5314-4F4C-A166-ABE5E50723CB}.Debug|Win32.ActiveCfg = Debug|Win32
		{D672FD52-5314-4F4C-A166-ABE5E50723CB}.Debug|Win32.Build.0 = Debug|Win32
		{D672FD52-5314-4F4C-A166-ABE5E50723CB}.Release|Win32.ActiveCfg = Release|Win32
		{D672FD52-5314-4F4C-A166-ABE5E50723CB}.Release|Win32.Build.0 = Release|Win32
		{B60E4ACA-1CB0-4870-9556-2A2C765FDB3F}.Debug|Win32.ActiveCfg = Debug|Win32
		{B60E4ACA-1CB0-4870-9556-2A2C765FDB3F}.Release|Win32.ActiveCfg = Release|Win32
	EndGlobalSection
	GlobalSection(SolutionProperties) = preSolution
		HideSolutionNode = FALSE
	EndGlobalSection
EndGlobal
